
Microsoft Visual Studio Solution File, Format Version 12.00
# Visual Studio Version 17
VisualStudioVersion = 17.3.32922.545
MinimumVisualStudioVersion = 10.0.40219.1
Project("{FAE04EC0-301F-11D3-BF4B-00C04F79EFBC}") = "console-new", "console-new\console-new.csproj", "{62F2A2AD-5FE0-424A-82A4-1CE254966E82}"
EndProject
Global
	GlobalSection(SolutionConfigurationPlatforms) = preSolution
		Debug|Any CPU = Debug|Any CPU
		Release|Any CPU = Release|Any CPU
	EndGlobalSection
	GlobalSection(ProjectConfigurationPlatforms) = postSolution
		{62F2A2AD-5FE0-424A-82A4-1CE254966E82}.Debug|Any CPU.ActiveCfg = Debug|Any CPU
		{62F2A2AD-5FE0-424A-82A4-1CE254966E82}.Debug|Any CPU.Build.0 = Debug|Any CPU
		{62F2A2AD-5FE0-424A-82A4-1CE254966E82}.Release|Any CPU.ActiveCfg = Release|Any CPU
		{62F2A2AD-5FE0-424A-82A4-1CE254966E82}.Release|Any CPU.Build.0 = Release|Any CPU
	EndGlobalSection
	GlobalSection(SolutionProperties) = preSolution
		HideSolutionNode = FALSE
	EndGlobalSection
	GlobalSection(ExtensibilityGlobals) = postSolution
		SolutionGuid = {7A35EF53-B50A-4EAB-809D-3551C5743DE6}
	EndGlobalSection
EndGlobal
